
Microsoft Visual Studio Solution File, Format Version 12.00
Project("{FAE04EC0-301F-11D3-BF4B-00C04F79EFBC}") = "Task1", "Task1\Task1.csproj", "{EB151F99-C3DA-42B7-B957-935AF0B0B822}"
EndProject
Project("{FAE04EC0-301F-11D3-BF4B-00C04F79EFBC}") = "Task2", "Task2\Task2.csproj", "{712ECB23-6E6F-42B4-ACAE-64EFEE25FC6F}"
EndProject
Project("{FAE04EC0-301F-11D3-BF4B-00C04F79EFBC}") = "Utilities", "Utilities\Utilities.csproj", "{B60EE7F6-D01F-46FF-ADF6-E9502DCF2732}"
EndProject
Project("{FAE04EC0-301F-11D3-BF4B-00C04F79EFBC}") = "Task3", "Task3\Task3.csproj", "{50F441CB-A4CF-425D-8492-D45E57AE78CE}"
EndProject
Project("{FAE04EC0-301F-11D3-BF4B-00C04F79EFBC}") = "Task4", "Task4\Task4.csproj", "{8F5402B8-E8A5-462D-8006-E2BEDFC416D8}"
EndProject
Project("{FAE04EC0-301F-11D3-BF4B-00C04F79EFBC}") = "Task5", "Task5\Task5.csproj", "{757862A3-411C-4C46-BD93-3073D16AD07F}"
EndProject
Project("{FAE04EC0-301F-11D3-BF4B-00C04F79EFBC}") = "Task6", "Task6\Task6.csproj", "{869A87C1-F607-440D-A870-56B4EDE95C06}"
EndProject
Project("{FAE04EC0-301F-11D3-BF4B-00C04F79EFBC}") = "Task7", "Task7\Task7.csproj", "{7247C7C8-3ACF-42D6-BDAF-898E1691B8BE}"
EndProject
Project("{FAE04EC0-301F-11D3-BF4B-00C04F79EFBC}") = "Task8", "Task8\Task8.csproj", "{8B6253A3-26A3-43AE-9943-5F397541ABD4}"
EndProject
Project("{FAE04EC0-301F-11D3-BF4B-00C04F79EFBC}") = "Task9", "Task9\Task9.csproj", "{6E10E1C9-F5DA-46BE-9060-981CC93E4B99}"
EndProject
Project("{FAE04EC0-301F-11D3-BF4B-00C04F79EFBC}") = "OopPractice", "OopPractice\OopPractice.csproj", "{4F38236C-A5E5-41D9-A322-A359DDE1661C}"
EndProject
Project("{FAE04EC0-301F-11D3-BF4B-00C04F79EFBC}") = "OopPracticeRefactored", "OopPracticeRefactored\OopPracticeRefactored.csproj", "{5C587635-7ACE-4F8A-9FC3-41BDAE423DC0}"
EndProject
Project("{FAE04EC0-301F-11D3-BF4B-00C04F79EFBC}") = "GetAndSet", "GetAndSet\GetAndSet.csproj", "{8A419EA2-7B32-4D78-A041-0EB1D79E855E}"
EndProject
Project("{FAE04EC0-301F-11D3-BF4B-00C04F79EFBC}") = "InheritanceAndTypeChange", "InheritanceAndTypeChange\InheritanceAndTypeChange.csproj", "{5CF74E50-CDFC-4811-B529-D1FC26BF91D0}"
EndProject
Project("{FAE04EC0-301F-11D3-BF4B-00C04F79EFBC}") = "AbstractClassesPractice", "AbstractClassesPractice\AbstractClassesPractice.csproj", "{211F4687-FEAC-4F01-970C-2C0654C1CD6A}"
EndProject
Global
	GlobalSection(SolutionConfigurationPlatforms) = preSolution
		Debug|Any CPU = Debug|Any CPU
		Release|Any CPU = Release|Any CPU
	EndGlobalSection
	GlobalSection(ProjectConfigurationPlatforms) = postSolution
		{EB151F99-C3DA-42B7-B957-935AF0B0B822}.Debug|Any CPU.ActiveCfg = Debug|Any CPU
		{EB151F99-C3DA-42B7-B957-935AF0B0B822}.Debug|Any CPU.Build.0 = Debug|Any CPU
		{EB151F99-C3DA-42B7-B957-935AF0B0B822}.Release|Any CPU.ActiveCfg = Release|Any CPU
		{EB151F99-C3DA-42B7-B957-935AF0B0B822}.Release|Any CPU.Build.0 = Release|Any CPU
		{712ECB23-6E6F-42B4-ACAE-64EFEE25FC6F}.Debug|Any CPU.ActiveCfg = Debug|Any CPU
		{712ECB23-6E6F-42B4-ACAE-64EFEE25FC6F}.Debug|Any CPU.Build.0 = Debug|Any CPU
		{712ECB23-6E6F-42B4-ACAE-64EFEE25FC6F}.Release|Any CPU.ActiveCfg = Release|Any CPU
		{712ECB23-6E6F-42B4-ACAE-64EFEE25FC6F}.Release|Any CPU.Build.0 = Release|Any CPU
		{B60EE7F6-D01F-46FF-ADF6-E9502DCF2732}.Debug|Any CPU.ActiveCfg = Debug|Any CPU
		{B60EE7F6-D01F-46FF-ADF6-E9502DCF2732}.Debug|Any CPU.Build.0 = Debug|Any CPU
		{B60EE7F6-D01F-46FF-ADF6-E9502DCF2732}.Release|Any CPU.ActiveCfg = Release|Any CPU
		{B60EE7F6-D01F-46FF-ADF6-E9502DCF2732}.Release|Any CPU.Build.0 = Release|Any CPU
		{50F441CB-A4CF-425D-8492-D45E57AE78CE}.Debug|Any CPU.ActiveCfg = Debug|Any CPU
		{50F441CB-A4CF-425D-8492-D45E57AE78CE}.Debug|Any CPU.Build.0 = Debug|Any CPU
		{50F441CB-A4CF-425D-8492-D45E57AE78CE}.Release|Any CPU.ActiveCfg = Release|Any CPU
		{50F441CB-A4CF-425D-8492-D45E57AE78CE}.Release|Any CPU.Build.0 = Release|Any CPU
		{8F5402B8-E8A5-462D-8006-E2BEDFC416D8}.Debug|Any CPU.ActiveCfg = Debug|Any CPU
		{8F5402B8-E8A5-462D-8006-E2BEDFC416D8}.Debug|Any CPU.Build.0 = Debug|Any CPU
		{8F5402B8-E8A5-462D-8006-E2BEDFC416D8}.Release|Any CPU.ActiveCfg = Release|Any CPU
		{8F5402B8-E8A5-462D-8006-E2BEDFC416D8}.Release|Any CPU.Build.0 = Release|Any CPU
		{757862A3-411C-4C46-BD93-3073D16AD07F}.Debug|Any CPU.ActiveCfg = Debug|Any CPU
		{757862A3-411C-4C46-BD93-3073D16AD07F}.Debug|Any CPU.Build.0 = Debug|Any CPU
		{757862A3-411C-4C46-BD93-3073D16AD07F}.Release|Any CPU.ActiveCfg = Release|Any CPU
		{757862A3-411C-4C46-BD93-3073D16AD07F}.Release|Any CPU.Build.0 = Release|Any CPU
		{869A87C1-F607-440D-A870-56B4EDE95C06}.Debug|Any CPU.ActiveCfg = Debug|Any CPU
		{869A87C1-F607-440D-A870-56B4EDE95C06}.Debug|Any CPU.Build.0 = Debug|Any CPU
		{869A87C1-F607-440D-A870-56B4EDE95C06}.Release|Any CPU.ActiveCfg = Release|Any CPU
		{869A87C1-F607-440D-A870-56B4EDE95C06}.Release|Any CPU.Build.0 = Release|Any CPU
		{7247C7C8-3ACF-42D6-BDAF-898E1691B8BE}.Debug|Any CPU.ActiveCfg = Debug|Any CPU
		{7247C7C8-3ACF-42D6-BDAF-898E1691B8BE}.Debug|Any CPU.Build.0 = Debug|Any CPU
		{7247C7C8-3ACF-42D6-BDAF-898E1691B8BE}.Release|Any CPU.ActiveCfg = Release|Any CPU
		{7247C7C8-3ACF-42D6-BDAF-898E1691B8BE}.Release|Any CPU.Build.0 = Release|Any CPU
		{8B6253A3-26A3-43AE-9943-5F397541ABD4}.Debug|Any CPU.ActiveCfg = Debug|Any CPU
		{8B6253A3-26A3-43AE-9943-5F397541ABD4}.Debug|Any CPU.Build.0 = Debug|Any CPU
		{8B6253A3-26A3-43AE-9943-5F397541ABD4}.Release|Any CPU.ActiveCfg = Release|Any CPU
		{8B6253A3-26A3-43AE-9943-5F397541ABD4}.Release|Any CPU.Build.0 = Release|Any CPU
		{6E10E1C9-F5DA-46BE-9060-981CC93E4B99}.Debug|Any CPU.ActiveCfg = Debug|Any CPU
		{6E10E1C9-F5DA-46BE-9060-981CC93E4B99}.Debug|Any CPU.Build.0 = Debug|Any CPU
		{6E10E1C9-F5DA-46BE-9060-981CC93E4B99}.Release|Any CPU.ActiveCfg = Release|Any CPU
		{6E10E1C9-F5DA-46BE-9060-981CC93E4B99}.Release|Any CPU.Build.0 = Release|Any CPU
		{4F38236C-A5E5-41D9-A322-A359DDE1661C}.Debug|Any CPU.ActiveCfg = Debug|Any CPU
		{4F38236C-A5E5-41D9-A322-A359DDE1661C}.Debug|Any CPU.Build.0 = Debug|Any CPU
		{4F38236C-A5E5-41D9-A322-A359DDE1661C}.Release|Any CPU.ActiveCfg = Release|Any CPU
		{4F38236C-A5E5-41D9-A322-A359DDE1661C}.Release|Any CPU.Build.0 = Release|Any CPU
		{5C587635-7ACE-4F8A-9FC3-41BDAE423DC0}.Debug|Any CPU.ActiveCfg = Debug|Any CPU
		{5C587635-7ACE-4F8A-9FC3-41BDAE423DC0}.Debug|Any CPU.Build.0 = Debug|Any CPU
		{5C587635-7ACE-4F8A-9FC3-41BDAE423DC0}.Release|Any CPU.ActiveCfg = Release|Any CPU
		{5C587635-7ACE-4F8A-9FC3-41BDAE423DC0}.Release|Any CPU.Build.0 = Release|Any CPU
		{8A419EA2-7B32-4D78-A041-0EB1D79E855E}.Debug|Any CPU.ActiveCfg = Debug|Any CPU
		{8A419EA2-7B32-4D78-A041-0EB1D79E855E}.Debug|Any CPU.Build.0 = Debug|Any CPU
		{8A419EA2-7B32-4D78-A041-0EB1D79E855E}.Release|Any CPU.ActiveCfg = Release|Any CPU
		{8A419EA2-7B32-4D78-A041-0EB1D79E855E}.Release|Any CPU.Build.0 = Release|Any CPU
		{5CF74E50-CDFC-4811-B529-D1FC26BF91D0}.Debug|Any CPU.ActiveCfg = Debug|Any CPU
		{5CF74E50-CDFC-4811-B529-D1FC26BF91D0}.Debug|Any CPU.Build.0 = Debug|Any CPU
		{5CF74E50-CDFC-4811-B529-D1FC26BF91D0}.Release|Any CPU.ActiveCfg = Release|Any CPU
		{5CF74E50-CDFC-4811-B529-D1FC26BF91D0}.Release|Any CPU.Build.0 = Release|Any CPU
		{211F4687-FEAC-4F01-970C-2C0654C1CD6A}.Debug|Any CPU.ActiveCfg = Debug|Any CPU
		{211F4687-FEAC-4F01-970C-2C0654C1CD6A}.Debug|Any CPU.Build.0 = Debug|Any CPU
		{211F4687-FEAC-4F01-970C-2C0654C1CD6A}.Release|Any CPU.ActiveCfg = Release|Any CPU
		{211F4687-FEAC-4F01-970C-2C0654C1CD6A}.Release|Any CPU.Build.0 = Release|Any CPU
	EndGlobalSection
EndGlobal
